
Microsoft Visual Studio Solution File, Format Version 12.00
# Visual Studio Version 16
VisualStudioVersion = 16.0.30011.22
MinimumVisualStudioVersion = 10.0.40219.1
Project("{FAE04EC0-301F-11D3-BF4B-00C04F79EFBC}") = "Arkanoid", "Arkanoid\Arkanoid.csproj", "{62CFD271-5C6A-4954-B77B-C459891F73B2}"
EndProject
Global
	GlobalSection(SolutionConfigurationPlatforms) = preSolution
		Debug|Any CPU = Debug|Any CPU
		Release|Any CPU = Release|Any CPU
	EndGlobalSection
	GlobalSection(ProjectConfigurationPlatforms) = postSolution
		{62CFD271-5C6A-4954-B77B-C459891F73B2}.Debug|Any CPU.ActiveCfg = Debug|Any CPU
		{62CFD271-5C6A-4954-B77B-C459891F73B2}.Debug|Any CPU.Build.0 = Debug|Any CPU
		{62CFD271-5C6A-4954-B77B-C459891F73B2}.Release|Any CPU.ActiveCfg = Release|Any CPU
		{62CFD271-5C6A-4954-B77B-C459891F73B2}.Release|Any CPU.Build.0 = Release|Any CPU
	EndGlobalSection
	GlobalSection(SolutionProperties) = preSolution
		HideSolutionNode = FALSE
	EndGlobalSection
	GlobalSection(ExtensibilityGlobals) = postSolution
		SolutionGuid = {6DC5BDD9-EF0C-457C-B96F-D79CE2B6A66C}
	EndGlobalSection
EndGlobal
