
Microsoft Visual Studio Solution File, Format Version 12.00
# Visual Studio 2013
VisualStudioVersion = 12.0.21005.1
MinimumVisualStudioVersion = 10.0.40219.1
Project("{FAE04EC0-301F-11D3-BF4B-00C04F79EFBC}") = "Snake Game", "Snake Game\Snake Game.csproj", "{16764017-8A22-40CC-93BF-B0CC02DB8EAB}"
EndProject
Global
	GlobalSection(SolutionConfigurationPlatforms) = preSolution
		Debug|Any CPU = Debug|Any CPU
		Release|Any CPU = Release|Any CPU
	EndGlobalSection
	GlobalSection(ProjectConfigurationPlatforms) = postSolution
		{16764017-8A22-40CC-93BF-B0CC02DB8EAB}.Debug|Any CPU.ActiveCfg = Debug|Any CPU
		{16764017-8A22-40CC-93BF-B0CC02DB8EAB}.Debug|Any CPU.Build.0 = Debug|Any CPU
		{16764017-8A22-40CC-93BF-B0CC02DB8EAB}.Release|Any CPU.ActiveCfg = Release|Any CPU
		{16764017-8A22-40CC-93BF-B0CC02DB8EAB}.Release|Any CPU.Build.0 = Release|Any CPU
	EndGlobalSection
	GlobalSection(SolutionProperties) = preSolution
		HideSolutionNode = FALSE
	EndGlobalSection
EndGlobal
