
Microsoft Visual Studio Solution File, Format Version 12.00
# Visual Studio Version 16
VisualStudioVersion = 16.0.30011.22
MinimumVisualStudioVersion = 10.0.40219.1
Project("{FAE04EC0-301F-11D3-BF4B-00C04F79EFBC}") = "Tic Tac Toe", "Tic Tac Toe.csproj", "{2481D71A-4938-474B-9017-C6219EE769B3}"
EndProject
Global
	GlobalSection(SolutionConfigurationPlatforms) = preSolution
		Debug|Any CPU = Debug|Any CPU
		Release|Any CPU = Release|Any CPU
	EndGlobalSection
	GlobalSection(ProjectConfigurationPlatforms) = postSolution
		{2481D71A-4938-474B-9017-C6219EE769B3}.Debug|Any CPU.ActiveCfg = Debug|Any CPU
		{2481D71A-4938-474B-9017-C6219EE769B3}.Debug|Any CPU.Build.0 = Debug|Any CPU
		{2481D71A-4938-474B-9017-C6219EE769B3}.Release|Any CPU.ActiveCfg = Release|Any CPU
		{2481D71A-4938-474B-9017-C6219EE769B3}.Release|Any CPU.Build.0 = Release|Any CPU
	EndGlobalSection
	GlobalSection(SolutionProperties) = preSolution
		HideSolutionNode = FALSE
	EndGlobalSection
	GlobalSection(ExtensibilityGlobals) = postSolution
		SolutionGuid = {DF6CDBA5-2BC1-4E57-86D8-B6761FE084F8}
	EndGlobalSection
EndGlobal
