
Microsoft Visual Studio Solution File, Format Version 12.00
# Visual Studio Version 16
VisualStudioVersion = 16.0.30011.22
MinimumVisualStudioVersion = 10.0.40219.1
Project("{FAE04EC0-301F-11D3-BF4B-00C04F79EFBC}") = "Chess", "Chess\Chess.csproj", "{583255CA-CD3B-4338-A409-C1F8CC3331E7}"
EndProject
Global
	GlobalSection(SolutionConfigurationPlatforms) = preSolution
		Debug|Any CPU = Debug|Any CPU
		Release|Any CPU = Release|Any CPU
	EndGlobalSection
	GlobalSection(ProjectConfigurationPlatforms) = postSolution
		{583255CA-CD3B-4338-A409-C1F8CC3331E7}.Debug|Any CPU.ActiveCfg = Debug|Any CPU
		{583255CA-CD3B-4338-A409-C1F8CC3331E7}.Debug|Any CPU.Build.0 = Debug|Any CPU
		{583255CA-CD3B-4338-A409-C1F8CC3331E7}.Release|Any CPU.ActiveCfg = Release|Any CPU
		{583255CA-CD3B-4338-A409-C1F8CC3331E7}.Release|Any CPU.Build.0 = Release|Any CPU
	EndGlobalSection
	GlobalSection(SolutionProperties) = preSolution
		HideSolutionNode = FALSE
	EndGlobalSection
	GlobalSection(ExtensibilityGlobals) = postSolution
		SolutionGuid = {A73B45A8-EC08-460A-9BE7-97F29C335BD7}
	EndGlobalSection
EndGlobal
