
Microsoft Visual Studio Solution File, Format Version 12.00
# Visual Studio Version 16
VisualStudioVersion = 16.0.30011.22
MinimumVisualStudioVersion = 10.0.40219.1
Project("{FAE04EC0-301F-11D3-BF4B-00C04F79EFBC}") = "FloppyBird", "FloppyBird\FloppyBird.csproj", "{9276CEF5-3CD5-4D95-ABC5-94E3C2F26A4E}"
EndProject
Global
	GlobalSection(SolutionConfigurationPlatforms) = preSolution
		Debug|Any CPU = Debug|Any CPU
		Release|Any CPU = Release|Any CPU
	EndGlobalSection
	GlobalSection(ProjectConfigurationPlatforms) = postSolution
		{9276CEF5-3CD5-4D95-ABC5-94E3C2F26A4E}.Debug|Any CPU.ActiveCfg = Debug|Any CPU
		{9276CEF5-3CD5-4D95-ABC5-94E3C2F26A4E}.Debug|Any CPU.Build.0 = Debug|Any CPU
		{9276CEF5-3CD5-4D95-ABC5-94E3C2F26A4E}.Release|Any CPU.ActiveCfg = Release|Any CPU
		{9276CEF5-3CD5-4D95-ABC5-94E3C2F26A4E}.Release|Any CPU.Build.0 = Release|Any CPU
	EndGlobalSection
	GlobalSection(SolutionProperties) = preSolution
		HideSolutionNode = FALSE
	EndGlobalSection
	GlobalSection(ExtensibilityGlobals) = postSolution
		SolutionGuid = {F8536938-EE15-4B5D-8AC4-5E660EE2E4BB}
	EndGlobalSection
EndGlobal
